
Microsoft Visual Studio Solution File, Format Version 12.00
# Visual Studio Version 17
VisualStudioVersion = 17.0.31903.59
MinimumVisualStudioVersion = 10.0.40219.1
Project("{9A19103F-16F7-4668-BE54-9A1E7A4F7556}") = "ProducerApi", "ProducerApi\ProducerApi.csproj", "{23393E0B-83DA-45DC-BAED-264DA03C1286}"
EndProject
Project("{9A19103F-16F7-4668-BE54-9A1E7A4F7556}") = "Project.Domain", "Project.Models\Project.Domain.csproj", "{BB701AD8-8732-4B0E-9B73-2005ADC8B77E}"
EndProject
Project("{9A19103F-16F7-4668-BE54-9A1E7A4F7556}") = "Project.Infra", "Project.Kafka\Project.Infra.csproj", "{0005B9B8-D419-4903-B5EA-CC62E52811A1}"
EndProject
Global
	GlobalSection(SolutionConfigurationPlatforms) = preSolution
		Debug|Any CPU = Debug|Any CPU
		Release|Any CPU = Release|Any CPU
	EndGlobalSection
	GlobalSection(ProjectConfigurationPlatforms) = postSolution
		{23393E0B-83DA-45DC-BAED-264DA03C1286}.Debug|Any CPU.ActiveCfg = Debug|Any CPU
		{23393E0B-83DA-45DC-BAED-264DA03C1286}.Debug|Any CPU.Build.0 = Debug|Any CPU
		{23393E0B-83DA-45DC-BAED-264DA03C1286}.Release|Any CPU.ActiveCfg = Release|Any CPU
		{23393E0B-83DA-45DC-BAED-264DA03C1286}.Release|Any CPU.Build.0 = Release|Any CPU
		{BB701AD8-8732-4B0E-9B73-2005ADC8B77E}.Debug|Any CPU.ActiveCfg = Debug|Any CPU
		{BB701AD8-8732-4B0E-9B73-2005ADC8B77E}.Debug|Any CPU.Build.0 = Debug|Any CPU
		{BB701AD8-8732-4B0E-9B73-2005ADC8B77E}.Release|Any CPU.ActiveCfg = Release|Any CPU
		{BB701AD8-8732-4B0E-9B73-2005ADC8B77E}.Release|Any CPU.Build.0 = Release|Any CPU
		{0005B9B8-D419-4903-B5EA-CC62E52811A1}.Debug|Any CPU.ActiveCfg = Debug|Any CPU
		{0005B9B8-D419-4903-B5EA-CC62E52811A1}.Debug|Any CPU.Build.0 = Debug|Any CPU
		{0005B9B8-D419-4903-B5EA-CC62E52811A1}.Release|Any CPU.ActiveCfg = Release|Any CPU
		{0005B9B8-D419-4903-B5EA-CC62E52811A1}.Release|Any CPU.Build.0 = Release|Any CPU
	EndGlobalSection
	GlobalSection(SolutionProperties) = preSolution
		HideSolutionNode = FALSE
	EndGlobalSection
	GlobalSection(ExtensibilityGlobals) = postSolution
		SolutionGuid = {3610439F-A3C0-431C-A57E-1A74D61BD691}
	EndGlobalSection
EndGlobal
