
Microsoft Visual Studio Solution File, Format Version 12.00
# Visual Studio Version 17
VisualStudioVersion = 17.0.31903.59
MinimumVisualStudioVersion = 10.0.40219.1
Project("{9A19103F-16F7-4668-BE54-9A1E7A4F7556}") = "ProducerApi", "ProducerApi\ProducerApi.csproj", "{23393E0B-83DA-45DC-BAED-264DA03C1286}"
EndProject
Project("{2150E333-8FDC-42A3-9474-1A3956D46DE8}") = "Libraries", "Libraries", "{69076433-A461-44F3-9664-130A2EA4C1F5}"
EndProject
Project("{9A19103F-16F7-4668-BE54-9A1E7A4F7556}") = "Project.Kafka", "Project.Kafka\Project.Kafka.csproj", "{65728984-3F2B-4D11-B508-DB322A572487}"
EndProject
Project("{9A19103F-16F7-4668-BE54-9A1E7A4F7556}") = "Project.Models", "Project.Models\Project.Models.csproj", "{5E40A2BE-3560-4A80-A5EB-2195FB7E7635}"
EndProject
Project("{9A19103F-16F7-4668-BE54-9A1E7A4F7556}") = "Project.Services", "Project.Services\Project.Services.csproj", "{8D4964CF-B0F7-4EA8-A0C7-DD42F044FB61}"
EndProject
Global
	GlobalSection(SolutionConfigurationPlatforms) = preSolution
		Debug|Any CPU = Debug|Any CPU
		Release|Any CPU = Release|Any CPU
	EndGlobalSection
	GlobalSection(ProjectConfigurationPlatforms) = postSolution
		{23393E0B-83DA-45DC-BAED-264DA03C1286}.Debug|Any CPU.ActiveCfg = Debug|Any CPU
		{23393E0B-83DA-45DC-BAED-264DA03C1286}.Debug|Any CPU.Build.0 = Debug|Any CPU
		{23393E0B-83DA-45DC-BAED-264DA03C1286}.Release|Any CPU.ActiveCfg = Release|Any CPU
		{23393E0B-83DA-45DC-BAED-264DA03C1286}.Release|Any CPU.Build.0 = Release|Any CPU
		{65728984-3F2B-4D11-B508-DB322A572487}.Debug|Any CPU.ActiveCfg = Debug|Any CPU
		{65728984-3F2B-4D11-B508-DB322A572487}.Debug|Any CPU.Build.0 = Debug|Any CPU
		{65728984-3F2B-4D11-B508-DB322A572487}.Release|Any CPU.ActiveCfg = Release|Any CPU
		{65728984-3F2B-4D11-B508-DB322A572487}.Release|Any CPU.Build.0 = Release|Any CPU
		{5E40A2BE-3560-4A80-A5EB-2195FB7E7635}.Debug|Any CPU.ActiveCfg = Debug|Any CPU
		{5E40A2BE-3560-4A80-A5EB-2195FB7E7635}.Debug|Any CPU.Build.0 = Debug|Any CPU
		{5E40A2BE-3560-4A80-A5EB-2195FB7E7635}.Release|Any CPU.ActiveCfg = Release|Any CPU
		{5E40A2BE-3560-4A80-A5EB-2195FB7E7635}.Release|Any CPU.Build.0 = Release|Any CPU
		{8D4964CF-B0F7-4EA8-A0C7-DD42F044FB61}.Debug|Any CPU.ActiveCfg = Debug|Any CPU
		{8D4964CF-B0F7-4EA8-A0C7-DD42F044FB61}.Debug|Any CPU.Build.0 = Debug|Any CPU
		{8D4964CF-B0F7-4EA8-A0C7-DD42F044FB61}.Release|Any CPU.ActiveCfg = Release|Any CPU
		{8D4964CF-B0F7-4EA8-A0C7-DD42F044FB61}.Release|Any CPU.Build.0 = Release|Any CPU
	EndGlobalSection
	GlobalSection(SolutionProperties) = preSolution
		HideSolutionNode = FALSE
	EndGlobalSection
	GlobalSection(NestedProjects) = preSolution
		{65728984-3F2B-4D11-B508-DB322A572487} = {69076433-A461-44F3-9664-130A2EA4C1F5}
		{5E40A2BE-3560-4A80-A5EB-2195FB7E7635} = {69076433-A461-44F3-9664-130A2EA4C1F5}
		{8D4964CF-B0F7-4EA8-A0C7-DD42F044FB61} = {69076433-A461-44F3-9664-130A2EA4C1F5}
	EndGlobalSection
	GlobalSection(ExtensibilityGlobals) = postSolution
		SolutionGuid = {3610439F-A3C0-431C-A57E-1A74D61BD691}
	EndGlobalSection
EndGlobal
