
Microsoft Visual Studio Solution File, Format Version 12.00
# Visual Studio Version 17
VisualStudioVersion = 17.0.31903.59
MinimumVisualStudioVersion = 10.0.40219.1
Project("{9A19103F-16F7-4668-BE54-9A1E7A4F7556}") = "Project.Infra", "Project.Infra\Project.Infra.csproj", "{81DC2DA3-8162-4E2F-B8BE-D253E571C62F}"
EndProject
Project("{9A19103F-16F7-4668-BE54-9A1E7A4F7556}") = "Project.Domain", "Project.Domain\Project.Domain.csproj", "{B7FDC467-F920-4706-93C4-265EC8C17090}"
EndProject
Project("{9A19103F-16F7-4668-BE54-9A1E7A4F7556}") = "Project.WebApiProducerVotes", "Project.WebApiProducerVotes\Project.WebApiProducerVotes.csproj", "{B915E96C-2021-4F31-BEFC-AFF2770B9335}"
EndProject
Global
	GlobalSection(SolutionConfigurationPlatforms) = preSolution
		Debug|Any CPU = Debug|Any CPU
		Release|Any CPU = Release|Any CPU
	EndGlobalSection
	GlobalSection(ProjectConfigurationPlatforms) = postSolution
		{81DC2DA3-8162-4E2F-B8BE-D253E571C62F}.Debug|Any CPU.ActiveCfg = Debug|Any CPU
		{81DC2DA3-8162-4E2F-B8BE-D253E571C62F}.Debug|Any CPU.Build.0 = Debug|Any CPU
		{81DC2DA3-8162-4E2F-B8BE-D253E571C62F}.Release|Any CPU.ActiveCfg = Release|Any CPU
		{81DC2DA3-8162-4E2F-B8BE-D253E571C62F}.Release|Any CPU.Build.0 = Release|Any CPU
		{B7FDC467-F920-4706-93C4-265EC8C17090}.Debug|Any CPU.ActiveCfg = Debug|Any CPU
		{B7FDC467-F920-4706-93C4-265EC8C17090}.Debug|Any CPU.Build.0 = Debug|Any CPU
		{B7FDC467-F920-4706-93C4-265EC8C17090}.Release|Any CPU.ActiveCfg = Release|Any CPU
		{B7FDC467-F920-4706-93C4-265EC8C17090}.Release|Any CPU.Build.0 = Release|Any CPU
		{B915E96C-2021-4F31-BEFC-AFF2770B9335}.Debug|Any CPU.ActiveCfg = Debug|Any CPU
		{B915E96C-2021-4F31-BEFC-AFF2770B9335}.Debug|Any CPU.Build.0 = Debug|Any CPU
		{B915E96C-2021-4F31-BEFC-AFF2770B9335}.Release|Any CPU.ActiveCfg = Release|Any CPU
		{B915E96C-2021-4F31-BEFC-AFF2770B9335}.Release|Any CPU.Build.0 = Release|Any CPU
	EndGlobalSection
	GlobalSection(SolutionProperties) = preSolution
		HideSolutionNode = FALSE
	EndGlobalSection
	GlobalSection(ExtensibilityGlobals) = postSolution
		SolutionGuid = {3610439F-A3C0-431C-A57E-1A74D61BD691}
	EndGlobalSection
EndGlobal
